
Microsoft Visual Studio Solution File, Format Version 12.00
# Visual Studio Version 17
VisualStudioVersion = 17.13.35931.197
MinimumVisualStudioVersion = 10.0.40219.1
Project("{2150E333-8FDC-42A3-9474-1A3956D46DE8}") = "Model", "Model", "{02EA681E-C7D8-13C7-8484-4AC65E1B71E8}"
EndProject
Project("{2150E333-8FDC-42A3-9474-1A3956D46DE8}") = "Web", "Web", "{075EAD87-F7DF-4FE7-8550-072DF51D30DF}"
EndProject
Project("{FAE04EC0-301F-11D3-BF4B-00C04F79EFBC}") = "Entities", "Entities\Entities.csproj", "{95DE3BD9-A587-35A9-17E0-3C34D2A57441}"
EndProject
Project("{FAE04EC0-301F-11D3-BF4B-00C04F79EFBC}") = "Identities", "Identities\Identities.csproj", "{A5C74007-4277-2D3F-AF6D-6E5187DB47DF}"
EndProject
Project("{FAE04EC0-301F-11D3-BF4B-00C04F79EFBC}") = "Model", "Model\Model.csproj", "{B4923625-668A-95CB-F92E-EAD08FFFA065}"
EndProject
Project("{FAE04EC0-301F-11D3-BF4B-00C04F79EFBC}") = "backend_transport", "backend\backend_transport.csproj", "{AA0A9926-3AFD-AD59-513F-9A6D3A645703}"
EndProject
Global
	GlobalSection(SolutionConfigurationPlatforms) = preSolution
		Debug|Any CPU = Debug|Any CPU
		Release|Any CPU = Release|Any CPU
	EndGlobalSection
	GlobalSection(ProjectConfigurationPlatforms) = postSolution
		{95DE3BD9-A587-35A9-17E0-3C34D2A57441}.Debug|Any CPU.ActiveCfg = Debug|Any CPU
		{95DE3BD9-A587-35A9-17E0-3C34D2A57441}.Debug|Any CPU.Build.0 = Debug|Any CPU
		{95DE3BD9-A587-35A9-17E0-3C34D2A57441}.Release|Any CPU.ActiveCfg = Release|Any CPU
		{95DE3BD9-A587-35A9-17E0-3C34D2A57441}.Release|Any CPU.Build.0 = Release|Any CPU
		{A5C74007-4277-2D3F-AF6D-6E5187DB47DF}.Debug|Any CPU.ActiveCfg = Debug|Any CPU
		{A5C74007-4277-2D3F-AF6D-6E5187DB47DF}.Debug|Any CPU.Build.0 = Debug|Any CPU
		{A5C74007-4277-2D3F-AF6D-6E5187DB47DF}.Release|Any CPU.ActiveCfg = Release|Any CPU
		{A5C74007-4277-2D3F-AF6D-6E5187DB47DF}.Release|Any CPU.Build.0 = Release|Any CPU
		{B4923625-668A-95CB-F92E-EAD08FFFA065}.Debug|Any CPU.ActiveCfg = Debug|Any CPU
		{B4923625-668A-95CB-F92E-EAD08FFFA065}.Debug|Any CPU.Build.0 = Debug|Any CPU
		{B4923625-668A-95CB-F92E-EAD08FFFA065}.Release|Any CPU.ActiveCfg = Release|Any CPU
		{B4923625-668A-95CB-F92E-EAD08FFFA065}.Release|Any CPU.Build.0 = Release|Any CPU
		{AA0A9926-3AFD-AD59-513F-9A6D3A645703}.Debug|Any CPU.ActiveCfg = Debug|Any CPU
		{AA0A9926-3AFD-AD59-513F-9A6D3A645703}.Debug|Any CPU.Build.0 = Debug|Any CPU
		{AA0A9926-3AFD-AD59-513F-9A6D3A645703}.Release|Any CPU.ActiveCfg = Release|Any CPU
		{AA0A9926-3AFD-AD59-513F-9A6D3A645703}.Release|Any CPU.Build.0 = Release|Any CPU
	EndGlobalSection
	GlobalSection(SolutionProperties) = preSolution
		HideSolutionNode = FALSE
	EndGlobalSection
	GlobalSection(NestedProjects) = preSolution
		{95DE3BD9-A587-35A9-17E0-3C34D2A57441} = {02EA681E-C7D8-13C7-8484-4AC65E1B71E8}
		{A5C74007-4277-2D3F-AF6D-6E5187DB47DF} = {02EA681E-C7D8-13C7-8484-4AC65E1B71E8}
		{B4923625-668A-95CB-F92E-EAD08FFFA065} = {02EA681E-C7D8-13C7-8484-4AC65E1B71E8}
		{AA0A9926-3AFD-AD59-513F-9A6D3A645703} = {075EAD87-F7DF-4FE7-8550-072DF51D30DF}
	EndGlobalSection
	GlobalSection(ExtensibilityGlobals) = postSolution
		SolutionGuid = {B2CF6D74-0456-4F52-8FB7-4B3819DF070D}
	EndGlobalSection
EndGlobal
