
Microsoft Visual Studio Solution File, Format Version 12.00
# Visual Studio Version 17
VisualStudioVersion = 17.13.35931.197
MinimumVisualStudioVersion = 10.0.40219.1
Project("{FAE04EC0-301F-11D3-BF4B-00C04F79EFBC}") = "backend_transport", "backend_transport.csproj", "{EF949E28-BD20-46A1-87F0-72F6584F9878}"
EndProject
Project("{2150E333-8FDC-42A3-9474-1A3956D46DE8}") = "Model", "Model", "{02EA681E-C7D8-13C7-8484-4AC65E1B71E8}"
EndProject
Project("{2150E333-8FDC-42A3-9474-1A3956D46DE8}") = "Web", "Web", "{075EAD87-F7DF-4FE7-8550-072DF51D30DF}"
EndProject
Project("{FAE04EC0-301F-11D3-BF4B-00C04F79EFBC}") = "Model", "..\Model\Model.csproj", "{F5279DDD-7233-4F25-B0B8-1153BD341024}"
EndProject
Project("{FAE04EC0-301F-11D3-BF4B-00C04F79EFBC}") = "Entities", "..\Entities\Entities.csproj", "{1737E3D7-F68C-4624-8273-AD7E2C9ECF98}"
EndProject
Project("{FAE04EC0-301F-11D3-BF4B-00C04F79EFBC}") = "Identities", "..\Identities\Identities.csproj", "{03E62FED-DEB0-450D-A5C3-0D6904422002}"
EndProject
Global
	GlobalSection(SolutionConfigurationPlatforms) = preSolution
		Debug|Any CPU = Debug|Any CPU
		Release|Any CPU = Release|Any CPU
	EndGlobalSection
	GlobalSection(ProjectConfigurationPlatforms) = postSolution
		{EF949E28-BD20-46A1-87F0-72F6584F9878}.Debug|Any CPU.ActiveCfg = Debug|Any CPU
		{EF949E28-BD20-46A1-87F0-72F6584F9878}.Debug|Any CPU.Build.0 = Debug|Any CPU
		{EF949E28-BD20-46A1-87F0-72F6584F9878}.Release|Any CPU.ActiveCfg = Release|Any CPU
		{EF949E28-BD20-46A1-87F0-72F6584F9878}.Release|Any CPU.Build.0 = Release|Any CPU
		{F5279DDD-7233-4F25-B0B8-1153BD341024}.Debug|Any CPU.ActiveCfg = Debug|Any CPU
		{F5279DDD-7233-4F25-B0B8-1153BD341024}.Debug|Any CPU.Build.0 = Debug|Any CPU
		{F5279DDD-7233-4F25-B0B8-1153BD341024}.Release|Any CPU.ActiveCfg = Release|Any CPU
		{F5279DDD-7233-4F25-B0B8-1153BD341024}.Release|Any CPU.Build.0 = Release|Any CPU
		{1737E3D7-F68C-4624-8273-AD7E2C9ECF98}.Debug|Any CPU.ActiveCfg = Debug|Any CPU
		{1737E3D7-F68C-4624-8273-AD7E2C9ECF98}.Debug|Any CPU.Build.0 = Debug|Any CPU
		{1737E3D7-F68C-4624-8273-AD7E2C9ECF98}.Release|Any CPU.ActiveCfg = Release|Any CPU
		{1737E3D7-F68C-4624-8273-AD7E2C9ECF98}.Release|Any CPU.Build.0 = Release|Any CPU
		{03E62FED-DEB0-450D-A5C3-0D6904422002}.Debug|Any CPU.ActiveCfg = Debug|Any CPU
		{03E62FED-DEB0-450D-A5C3-0D6904422002}.Debug|Any CPU.Build.0 = Debug|Any CPU
		{03E62FED-DEB0-450D-A5C3-0D6904422002}.Release|Any CPU.ActiveCfg = Release|Any CPU
		{03E62FED-DEB0-450D-A5C3-0D6904422002}.Release|Any CPU.Build.0 = Release|Any CPU
	EndGlobalSection
	GlobalSection(SolutionProperties) = preSolution
		HideSolutionNode = FALSE
	EndGlobalSection
	GlobalSection(NestedProjects) = preSolution
		{EF949E28-BD20-46A1-87F0-72F6584F9878} = {075EAD87-F7DF-4FE7-8550-072DF51D30DF}
		{F5279DDD-7233-4F25-B0B8-1153BD341024} = {02EA681E-C7D8-13C7-8484-4AC65E1B71E8}
		{1737E3D7-F68C-4624-8273-AD7E2C9ECF98} = {02EA681E-C7D8-13C7-8484-4AC65E1B71E8}
		{03E62FED-DEB0-450D-A5C3-0D6904422002} = {02EA681E-C7D8-13C7-8484-4AC65E1B71E8}
	EndGlobalSection
	GlobalSection(ExtensibilityGlobals) = postSolution
		SolutionGuid = {B2CF6D74-0456-4F52-8FB7-4B3819DF070D}
	EndGlobalSection
EndGlobal
